
Microsoft Visual Studio Solution File, Format Version 12.00
# Visual Studio Version 16
VisualStudioVersion = 16.0.30907.101
MinimumVisualStudioVersion = 10.0.40219.1
Project("{FAE04EC0-301F-11D3-BF4B-00C04F79EFBC}") = "Project4", "Project4.csproj", "{64EE7776-AA5E-4998-8C4D-AC8691206896}"
EndProject
Global
	GlobalSection(SolutionConfigurationPlatforms) = preSolution
		Debug|Any CPU = Debug|Any CPU
		Release|Any CPU = Release|Any CPU
	EndGlobalSection
	GlobalSection(ProjectConfigurationPlatforms) = postSolution
		{64EE7776-AA5E-4998-8C4D-AC8691206896}.Debug|Any CPU.ActiveCfg = Debug|Any CPU
		{64EE7776-AA5E-4998-8C4D-AC8691206896}.Debug|Any CPU.Build.0 = Debug|Any CPU
		{64EE7776-AA5E-4998-8C4D-AC8691206896}.Release|Any CPU.ActiveCfg = Release|Any CPU
		{64EE7776-AA5E-4998-8C4D-AC8691206896}.Release|Any CPU.Build.0 = Release|Any CPU
	EndGlobalSection
	GlobalSection(SolutionProperties) = preSolution
		HideSolutionNode = FALSE
	EndGlobalSection
	GlobalSection(ExtensibilityGlobals) = postSolution
		SolutionGuid = {370373E4-AC00-4CE8-AE5A-94AA9B8D1386}
	EndGlobalSection
EndGlobal
